{
  "version": 4,
  "terraform_version": "0.12.26",
  "serial": 13,
  "lineage": "eec728cb-eac3-dc45-53da-9b723f8c2fc0",
  "outputs": {},
  "resources": [
    {
      "mode": "managed",
      "type": "aws_instance",
      "name": "mysql",
      "provider": "provider.aws",
      "instances": [
        {
          "schema_version": 1,
          "attributes": {
            "ami": "ami-08706cb5f68222d09",
            "arn": "arn:aws:ec2:ap-south-1:731243664512:instance/i-0512e804880696fd9",
            "associate_public_ip_address": false,
            "availability_zone": "ap-south-1b",
            "cpu_core_count": 1,
            "cpu_threads_per_core": 1,
            "credit_specification": [
              {
                "cpu_credits": "standard"
              }
            ],
            "disable_api_termination": false,
            "ebs_block_device": [],
            "ebs_optimized": false,
            "ephemeral_block_device": [],
            "get_password_data": false,
            "hibernation": false,
            "host_id": null,
            "iam_instance_profile": "",
            "id": "i-0512e804880696fd9",
            "instance_initiated_shutdown_behavior": null,
            "instance_state": "running",
            "instance_type": "t2.micro",
            "ipv6_address_count": 0,
            "ipv6_addresses": [],
            "key_name": "task1_key",
            "metadata_options": [
              {
                "http_endpoint": "enabled",
                "http_put_response_hop_limit": 1,
                "http_tokens": "optional"
              }
            ],
            "monitoring": false,
            "network_interface": [],
            "network_interface_id": null,
            "outpost_arn": "",
            "password_data": "",
            "placement_group": "",
            "primary_network_interface_id": "eni-03c821ee15fdf811e",
            "private_dns": "ip-192-168-1-71.ap-south-1.compute.internal",
            "private_ip": "192.168.1.71",
            "public_dns": "",
            "public_ip": "",
            "root_block_device": [
              {
                "delete_on_termination": true,
                "device_name": "/dev/xvda",
                "encrypted": false,
                "iops": 100,
                "kms_key_id": "",
                "volume_id": "vol-047d62094e57ed44b",
                "volume_size": 8,
                "volume_type": "gp2"
              }
            ],
            "security_groups": [
              "sg-0f217e61e796eab00"
            ],
            "source_dest_check": true,
            "subnet_id": "subnet-071c5c749e41c20e3",
            "tags": {
              "Name": "mysqlos"
            },
            "tenancy": "default",
            "timeouts": null,
            "user_data": null,
            "user_data_base64": null,
            "volume_tags": {},
            "vpc_security_group_ids": [
              "sg-0f217e61e796eab00"
            ]
          },
          "private": "eyJlMmJmYjczMC1lY2FhLTExZTYtOGY4OC0zNDM2M2JjN2M0YzAiOnsiY3JlYXRlIjo2MDAwMDAwMDAwMDAsImRlbGV0ZSI6MTIwMDAwMDAwMDAwMCwidXBkYXRlIjo2MDAwMDAwMDAwMDB9LCJzY2hlbWFfdmVyc2lvbiI6IjEifQ==",
          "dependencies": [
            "aws_security_group.mysqlsg",
            "aws_subnet.privatesubnet",
            "aws_vpc.vpc1"
          ]
        }
      ]
    },
    {
      "mode": "managed",
      "type": "aws_instance",
      "name": "wordpress",
      "provider": "provider.aws",
      "instances": [
        {
          "schema_version": 1,
          "attributes": {
            "ami": "ami-000cbce3e1b899ebd",
            "arn": "arn:aws:ec2:ap-south-1:731243664512:instance/i-020405150029ec054",
            "associate_public_ip_address": true,
            "availability_zone": "ap-south-1a",
            "cpu_core_count": 1,
            "cpu_threads_per_core": 1,
            "credit_specification": [
              {
                "cpu_credits": "standard"
              }
            ],
            "disable_api_termination": false,
            "ebs_block_device": [],
            "ebs_optimized": false,
            "ephemeral_block_device": [],
            "get_password_data": false,
            "hibernation": false,
            "host_id": null,
            "iam_instance_profile": "",
            "id": "i-020405150029ec054",
            "instance_initiated_shutdown_behavior": null,
            "instance_state": "running",
            "instance_type": "t2.micro",
            "ipv6_address_count": 0,
            "ipv6_addresses": [],
            "key_name": "task1_key",
            "metadata_options": [
              {
                "http_endpoint": "enabled",
                "http_put_response_hop_limit": 1,
                "http_tokens": "optional"
              }
            ],
            "monitoring": false,
            "network_interface": [],
            "network_interface_id": null,
            "outpost_arn": "",
            "password_data": "",
            "placement_group": "",
            "primary_network_interface_id": "eni-0fedfe01263ef8710",
            "private_dns": "ip-192-168-0-44.ap-south-1.compute.internal",
            "private_ip": "192.168.0.44",
            "public_dns": "ec2-13-232-5-87.ap-south-1.compute.amazonaws.com",
            "public_ip": "13.232.5.87",
            "root_block_device": [
              {
                "delete_on_termination": true,
                "device_name": "/dev/xvda",
                "encrypted": false,
                "iops": 100,
                "kms_key_id": "",
                "volume_id": "vol-0f5dbed2a6ed9045b",
                "volume_size": 10,
                "volume_type": "gp2"
              }
            ],
            "security_groups": [
              "sg-0e0d78e341f9378b0"
            ],
            "source_dest_check": true,
            "subnet_id": "subnet-00c95579bb2ab3b34",
            "tags": {
              "Name": "wpos"
            },
            "tenancy": "default",
            "timeouts": null,
            "user_data": null,
            "user_data_base64": null,
            "volume_tags": {},
            "vpc_security_group_ids": [
              "sg-0e0d78e341f9378b0"
            ]
          },
          "private": "eyJlMmJmYjczMC1lY2FhLTExZTYtOGY4OC0zNDM2M2JjN2M0YzAiOnsiY3JlYXRlIjo2MDAwMDAwMDAwMDAsImRlbGV0ZSI6MTIwMDAwMDAwMDAwMCwidXBkYXRlIjo2MDAwMDAwMDAwMDB9LCJzY2hlbWFfdmVyc2lvbiI6IjEifQ==",
          "dependencies": [
            "aws_security_group.wpsg",
            "aws_subnet.publicsubnet",
            "aws_vpc.vpc1"
          ]
        }
      ]
    },
    {
      "mode": "managed",
      "type": "aws_internet_gateway",
      "name": "ingateway",
      "provider": "provider.aws",
      "instances": [
        {
          "schema_version": 0,
          "attributes": {
            "arn": "arn:aws:ec2:ap-south-1:731243664512:internet-gateway/igw-0ccf5a5deb5c3668b",
            "id": "igw-0ccf5a5deb5c3668b",
            "owner_id": "731243664512",
            "tags": {
              "Name": "internet_gateway"
            },
            "vpc_id": "vpc-0438a06cee93aaaf8"
          },
          "private": "bnVsbA==",
          "dependencies": [
            "aws_vpc.vpc1"
          ]
        }
      ]
    },
    {
      "mode": "managed",
      "type": "aws_route",
      "name": "route",
      "provider": "provider.aws",
      "instances": [
        {
          "schema_version": 0,
          "attributes": {
            "destination_cidr_block": "0.0.0.0/0",
            "destination_ipv6_cidr_block": "",
            "destination_prefix_list_id": "",
            "egress_only_gateway_id": "",
            "gateway_id": "igw-0ccf5a5deb5c3668b",
            "id": "r-rtb-03d9f4fdbfd6afd1b1080289494",
            "instance_id": "",
            "instance_owner_id": "",
            "nat_gateway_id": "",
            "network_interface_id": "",
            "origin": "CreateRoute",
            "route_table_id": "rtb-03d9f4fdbfd6afd1b",
            "state": "active",
            "timeouts": null,
            "transit_gateway_id": "",
            "vpc_peering_connection_id": ""
          },
          "private": "eyJlMmJmYjczMC1lY2FhLTExZTYtOGY4OC0zNDM2M2JjN2M0YzAiOnsiY3JlYXRlIjoxMjAwMDAwMDAwMDAsImRlbGV0ZSI6MzAwMDAwMDAwMDAwfX0=",
          "dependencies": [
            "aws_internet_gateway.ingateway",
            "aws_route_table.routetable",
            "aws_vpc.vpc1"
          ]
        }
      ]
    },
    {
      "mode": "managed",
      "type": "aws_route_table",
      "name": "routetable",
      "provider": "provider.aws",
      "instances": [
        {
          "schema_version": 0,
          "attributes": {
            "id": "rtb-03d9f4fdbfd6afd1b",
            "owner_id": "731243664512",
            "propagating_vgws": [],
            "route": [],
            "tags": {
              "Name": "route_table"
            },
            "vpc_id": "vpc-0438a06cee93aaaf8"
          },
          "private": "bnVsbA==",
          "dependencies": [
            "aws_vpc.vpc1"
          ]
        }
      ]
    },
    {
      "mode": "managed",
      "type": "aws_route_table_association",
      "name": "routetableassoc",
      "provider": "provider.aws",
      "instances": [
        {
          "schema_version": 0,
          "attributes": {
            "gateway_id": null,
            "id": "rtbassoc-0775a6be599dec89a",
            "route_table_id": "rtb-03d9f4fdbfd6afd1b",
            "subnet_id": "subnet-00c95579bb2ab3b34"
          },
          "private": "bnVsbA==",
          "dependencies": [
            "aws_route_table.routetable",
            "aws_subnet.publicsubnet",
            "aws_vpc.vpc1"
          ]
        }
      ]
    },
    {
      "mode": "managed",
      "type": "aws_security_group",
      "name": "mysqlsg",
      "provider": "provider.aws",
      "instances": [
        {
          "schema_version": 1,
          "attributes": {
            "arn": "arn:aws:ec2:ap-south-1:731243664512:security-group/sg-0f217e61e796eab00",
            "description": "allow mysql",
            "egress": [
              {
                "cidr_blocks": [
                  "0.0.0.0/0"
                ],
                "description": "",
                "from_port": 0,
                "ipv6_cidr_blocks": [],
                "prefix_list_ids": [],
                "protocol": "-1",
                "security_groups": [],
                "self": false,
                "to_port": 0
              }
            ],
            "id": "sg-0f217e61e796eab00",
            "ingress": [
              {
                "cidr_blocks": [
                  "0.0.0.0/0"
                ],
                "description": "MYSQL/Aurora",
                "from_port": 0,
                "ipv6_cidr_blocks": [],
                "prefix_list_ids": [],
                "protocol": "tcp",
                "security_groups": [],
                "self": false,
                "to_port": 3306
              }
            ],
            "name": "mysql",
            "name_prefix": null,
            "owner_id": "731243664512",
            "revoke_rules_on_delete": false,
            "tags": {
              "Name": "mysql"
            },
            "timeouts": null,
            "vpc_id": "vpc-0438a06cee93aaaf8"
          },
          "private": "eyJlMmJmYjczMC1lY2FhLTExZTYtOGY4OC0zNDM2M2JjN2M0YzAiOnsiY3JlYXRlIjo2MDAwMDAwMDAwMDAsImRlbGV0ZSI6NjAwMDAwMDAwMDAwfSwic2NoZW1hX3ZlcnNpb24iOiIxIn0=",
          "dependencies": [
            "aws_vpc.vpc1"
          ]
        }
      ]
    },
    {
      "mode": "managed",
      "type": "aws_security_group",
      "name": "wpsg",
      "provider": "provider.aws",
      "instances": [
        {
          "schema_version": 1,
          "attributes": {
            "arn": "arn:aws:ec2:ap-south-1:731243664512:security-group/sg-0e0d78e341f9378b0",
            "description": "allow ssh and http",
            "egress": [
              {
                "cidr_blocks": [
                  "0.0.0.0/0"
                ],
                "description": "",
                "from_port": 0,
                "ipv6_cidr_blocks": [],
                "prefix_list_ids": [],
                "protocol": "-1",
                "security_groups": [],
                "self": false,
                "to_port": 0
              }
            ],
            "id": "sg-0e0d78e341f9378b0",
            "ingress": [
              {
                "cidr_blocks": [
                  "0.0.0.0/0"
                ],
                "description": "HTTP",
                "from_port": 80,
                "ipv6_cidr_blocks": [],
                "prefix_list_ids": [],
                "protocol": "tcp",
                "security_groups": [],
                "self": false,
                "to_port": 80
              },
              {
                "cidr_blocks": [
                  "0.0.0.0/0"
                ],
                "description": "SSH",
                "from_port": 22,
                "ipv6_cidr_blocks": [],
                "prefix_list_ids": [],
                "protocol": "tcp",
                "security_groups": [],
                "self": false,
                "to_port": 22
              }
            ],
            "name": "wordpress",
            "name_prefix": null,
            "owner_id": "731243664512",
            "revoke_rules_on_delete": false,
            "tags": {
              "Name": "wordpress"
            },
            "timeouts": null,
            "vpc_id": "vpc-0438a06cee93aaaf8"
          },
          "private": "eyJlMmJmYjczMC1lY2FhLTExZTYtOGY4OC0zNDM2M2JjN2M0YzAiOnsiY3JlYXRlIjo2MDAwMDAwMDAwMDAsImRlbGV0ZSI6NjAwMDAwMDAwMDAwfSwic2NoZW1hX3ZlcnNpb24iOiIxIn0=",
          "dependencies": [
            "aws_vpc.vpc1"
          ]
        }
      ]
    },
    {
      "mode": "managed",
      "type": "aws_subnet",
      "name": "privatesubnet",
      "provider": "provider.aws",
      "instances": [
        {
          "schema_version": 1,
          "attributes": {
            "arn": "arn:aws:ec2:ap-south-1:731243664512:subnet/subnet-071c5c749e41c20e3",
            "assign_ipv6_address_on_creation": false,
            "availability_zone": "ap-south-1b",
            "availability_zone_id": "aps1-az3",
            "cidr_block": "192.168.1.0/24",
            "id": "subnet-071c5c749e41c20e3",
            "ipv6_cidr_block": "",
            "ipv6_cidr_block_association_id": "",
            "map_public_ip_on_launch": false,
            "outpost_arn": "",
            "owner_id": "731243664512",
            "tags": {
              "Name": "private_subnet"
            },
            "timeouts": null,
            "vpc_id": "vpc-0438a06cee93aaaf8"
          },
          "private": "eyJlMmJmYjczMC1lY2FhLTExZTYtOGY4OC0zNDM2M2JjN2M0YzAiOnsiY3JlYXRlIjo2MDAwMDAwMDAwMDAsImRlbGV0ZSI6MTIwMDAwMDAwMDAwMH0sInNjaGVtYV92ZXJzaW9uIjoiMSJ9",
          "dependencies": [
            "aws_vpc.vpc1"
          ]
        }
      ]
    },
    {
      "mode": "managed",
      "type": "aws_subnet",
      "name": "publicsubnet",
      "provider": "provider.aws",
      "instances": [
        {
          "schema_version": 1,
          "attributes": {
            "arn": "arn:aws:ec2:ap-south-1:731243664512:subnet/subnet-00c95579bb2ab3b34",
            "assign_ipv6_address_on_creation": false,
            "availability_zone": "ap-south-1a",
            "availability_zone_id": "aps1-az1",
            "cidr_block": "192.168.0.0/24",
            "id": "subnet-00c95579bb2ab3b34",
            "ipv6_cidr_block": "",
            "ipv6_cidr_block_association_id": "",
            "map_public_ip_on_launch": true,
            "outpost_arn": "",
            "owner_id": "731243664512",
            "tags": {
              "Name": "public_subnet"
            },
            "timeouts": null,
            "vpc_id": "vpc-0438a06cee93aaaf8"
          },
          "private": "eyJlMmJmYjczMC1lY2FhLTExZTYtOGY4OC0zNDM2M2JjN2M0YzAiOnsiY3JlYXRlIjo2MDAwMDAwMDAwMDAsImRlbGV0ZSI6MTIwMDAwMDAwMDAwMH0sInNjaGVtYV92ZXJzaW9uIjoiMSJ9",
          "dependencies": [
            "aws_vpc.vpc1"
          ]
        }
      ]
    },
    {
      "mode": "managed",
      "type": "aws_vpc",
      "name": "vpc1",
      "provider": "provider.aws",
      "instances": [
        {
          "schema_version": 1,
          "attributes": {
            "arn": "arn:aws:ec2:ap-south-1:731243664512:vpc/vpc-0438a06cee93aaaf8",
            "assign_generated_ipv6_cidr_block": false,
            "cidr_block": "192.168.0.0/16",
            "default_network_acl_id": "acl-06e6b45b3d562978d",
            "default_route_table_id": "rtb-0c4ad6c1949ec0aa8",
            "default_security_group_id": "sg-0d3187de62bce38a1",
            "dhcp_options_id": "dopt-73699118",
            "enable_classiclink": null,
            "enable_classiclink_dns_support": null,
            "enable_dns_hostnames": true,
            "enable_dns_support": true,
            "id": "vpc-0438a06cee93aaaf8",
            "instance_tenancy": "default",
            "ipv6_association_id": "",
            "ipv6_cidr_block": "",
            "main_route_table_id": "rtb-0c4ad6c1949ec0aa8",
            "owner_id": "731243664512",
            "tags": {
              "Name": "vpctask"
            }
          },
          "private": "eyJzY2hlbWFfdmVyc2lvbiI6IjEifQ=="
        }
      ]
    },
    {
      "mode": "managed",
      "type": "tls_private_key",
      "name": "task1_key",
      "provider": "provider.tls",
      "instances": [
        {
          "schema_version": 0,
          "attributes": {
            "algorithm": "RSA",
            "ecdsa_curve": "P224",
            "id": "746ea89b76425ec3b9791c6f210a2e5788eff5ce",
            "private_key_pem": "-----BEGIN RSA PRIVATE KEY-----\nMIIEowIBAAKCAQEAwC3cwLtOg6Q7hc8TX1sXAYPlT4BgnrdFSazMy6J8SYg71fTJ\nb86qOtPhC9m9KExFaf6JGZaTlHOEqNaRyYdxZJ8AwhEqpJL2xaKURiQmDgxu/LgR\nuGUk/yO43rtQFaWWdYXwFpBkGJmRUiHsHJxAw85/x/aKejy8/v6wmQHd6DUQmgJM\nMU0lWZplaPLBlAEZ1usEDwCq57JYoe8iVZeUULBZK9PTNFsz4m+NLHPFpXJdGFzr\nRHZtHcgowVb9Ba/NEFAicv4/hApCjzYbAxKy5HgXm8+25VmpdNLfEhgX9px1ZWYS\nJU1Q+dzY2EmC7xuu2X8dXzzsuapyt1TQQpbw9QIDAQABAoIBAH6wvUrBMC1QY3z+\n2kKOhkgVb2JNu2RmZWMAa7IC1/SRvwB5cyImF8rYSw/I5w5d2ZTam/8maPwAe3/i\nlBFLHNG8kH9fWcFMsSnw19a1lfDE+ZXYsrXg19bq8cDDszPSCbJILdJyNcqR0l9W\nxZTG3Vs4Erz8JqYWzHE97aWwuV2OGH7QqieEk8TzqwvfGRIOD+kBSEU/Lbcfe6sj\nZPZAZCqWTPgfpq0pCIUe1PUKzS3tx3e9Zh1zyT6SUZwxzxWHEJSMQGWFGpcAlXkD\nZ2OdWx/9OXDvaGaDFOef00fBQfZbpUzA8rqxF+fjSa2wlp4PeeWjwCTQ7QFxCVv3\nhfi1xLECgYEA8Sv71bsjzVVRW38+g42T2E3TDk6gA5iL1pS2C9beOfLwV2o5XJiH\n8aEDawJeN3jAaUm8OMVE44+c6uhUiPKro1ZtSXNovoCTmEwc4o83KbVJzhHdbEfm\nVV2BhqoEReJo34chbqQjx81NgcCZtMmGCRK0iAQdeIdz2NwL5wbNnb8CgYEAy/69\nYp9QmQVa7vF9Obpx4800ZOuWsvr6sOrutkHTq8l1cc15YhQQkI117v5bOYIrP5h2\n8qnkcayIe3Tr6uTVPsZ9irOov7oizmvQARFlpuv2FR88uuCx20S5u7fmoqeLVJeH\njRXFkjjjtVLtVSKJ0h2NhIxYNU1Q0m0XXQmoxksCgYBPZ9XxFz7Aepjg8VJZ6iGF\nlIorKcQRqwZPzoLp/wMIPW7YuUbNsAMCkasYbp0q0n03rWlln74A1uYpiflbZdsR\nWoF9L5yLLLZr7JOOHO1itCfqy4MGBd5WuQTOm+fwQo2ZG1rsnOqS/IvKbums1rVl\nA12hcwlpB+AixMC+fkTw7QKBgCHIJMrBQVKl7WImgatesd+cqvGPhhxLrdpAfZmX\nGxuWuClJcrGISxn1IzOZ0bebU9grQn97HQaqIMv5F9yFWr8TldSzXd2qUHtIpWCX\n5fKXnt/ulVsJPMrn/a4VjU8gWdV/ZoY5tcc6PpNXkVAI8TPnivkJWM4y6JCAWl8g\n618zAoGBAKinA6AoBy1ImC/PpLWYeFngA5QVwIp4N79SAnwErgBImss5lgXETVif\nFGfd77bvUXTzO0J3ElFVZrm3V+NVJ4Qx35bFt+ln09PMaoo1CwFu+C4oR0mXYRtJ\nHG0VxtVzdRSBzBXErchTkG9DPto2aFqpMaBQi274lRpjaHhWZxR6\n-----END RSA PRIVATE KEY-----\n",
            "public_key_fingerprint_md5": "5d:a1:b1:0c:8c:a9:0e:a2:9e:48:2b:39:5a:fa:55:a9",
            "public_key_openssh": "ssh-rsa AAAAB3NzaC1yc2EAAAADAQABAAABAQDALdzAu06DpDuFzxNfWxcBg+VPgGCet0VJrMzLonxJiDvV9Mlvzqo60+EL2b0oTEVp/okZlpOUc4So1pHJh3FknwDCESqkkvbFopRGJCYODG78uBG4ZST/I7jeu1AVpZZ1hfAWkGQYmZFSIewcnEDDzn/H9op6PLz+/rCZAd3oNRCaAkwxTSVZmmVo8sGUARnW6wQPAKrnslih7yJVl5RQsFkr09M0WzPib40sc8Wlcl0YXOtEdm0dyCjBVv0Fr80QUCJy/j+ECkKPNhsDErLkeBebz7blWal00t8SGBf2nHVlZhIlTVD53NjYSYLvG67Zfx1fPOy5qnK3VNBClvD1\n",
            "public_key_pem": "-----BEGIN PUBLIC KEY-----\nMIIBIjANBgkqhkiG9w0BAQEFAAOCAQ8AMIIBCgKCAQEAwC3cwLtOg6Q7hc8TX1sX\nAYPlT4BgnrdFSazMy6J8SYg71fTJb86qOtPhC9m9KExFaf6JGZaTlHOEqNaRyYdx\nZJ8AwhEqpJL2xaKURiQmDgxu/LgRuGUk/yO43rtQFaWWdYXwFpBkGJmRUiHsHJxA\nw85/x/aKejy8/v6wmQHd6DUQmgJMMU0lWZplaPLBlAEZ1usEDwCq57JYoe8iVZeU\nULBZK9PTNFsz4m+NLHPFpXJdGFzrRHZtHcgowVb9Ba/NEFAicv4/hApCjzYbAxKy\n5HgXm8+25VmpdNLfEhgX9px1ZWYSJU1Q+dzY2EmC7xuu2X8dXzzsuapyt1TQQpbw\n9QIDAQAB\n-----END PUBLIC KEY-----\n",
            "rsa_bits": 2048
          },
          "private": "bnVsbA=="
        }
      ]
    }
  ]
}
